// !$*UTF8*$!
{
	archiveVersion = 1;
	classes = {
	};
	objectVersion = 46;
	objects = {

/* Begin PBXBuildFile section */
		071C17AB1D673B5800019CDD /* Settings.m in Sources */ = {isa = PBXBuildFile; fileRef = 071C17AA1D673B5800019CDD /* Settings.m */; };
		071D38971C5FAFFE0063D80E /* AssetsLibrary.framework in Frameworks */ = {isa = PBXBuildFile; fileRef = 071D38961C5FAFFE0063D80E /* AssetsLibrary.framework */; };
		071D38991C5FB00E0063D80E /* CoreText.framework in Frameworks */ = {isa = PBXBuildFile; fileRef = 071D38981C5FB00E0063D80E /* CoreText.framework */; };
		071D389B1C5FB01D0063D80E /* SystemConfiguration.framework in Frameworks */ = {isa = PBXBuildFile; fileRef = 071D389A1C5FB01D0063D80E /* SystemConfiguration.framework */; };
		071D389D1C5FB0250063D80E /* CoreTelephony.framework in Frameworks */ = {isa = PBXBuildFile; fileRef = 071D389C1C5FB0250063D80E /* CoreTelephony.framework */; };
		071D389F1C5FB0420063D80E /* BuddyBuildSDK.framework in Frameworks */ = {isa = PBXBuildFile; fileRef = 071D389E1C5FB0420063D80E /* BuddyBuildSDK.framework */; };
		072594121D74AEB0009E5F05 /* charcount.txt in Resources */ = {isa = PBXBuildFile; fileRef = 0725940E1D74AEB0009E5F05 /* charcount.txt */; };
		072594131D74AEB0009E5F05 /* wordcount.txt in Resources */ = {isa = PBXBuildFile; fileRef = 072594111D74AEB0009E5F05 /* wordcount.txt */; };
		073AA6F21DB89E0300370847 /* Statistics.m in Sources */ = {isa = PBXBuildFile; fileRef = 073AA6F11DB89E0300370847 /* Statistics.m */; };
		0750B0CA1D68F51C0081B1C4 /* reval.txt in Resources */ = {isa = PBXBuildFile; fileRef = 0750B0C91D68F51C0081B1C4 /* reval.txt */; };
		0750B0CC1D68F5FD0081B1C4 /* versecount.txt in Resources */ = {isa = PBXBuildFile; fileRef = 0750B0CB1D68F5FD0081B1C4 /* versecount.txt */; };
		0750B0D21D68F6600081B1C4 /* arabic-sura-names in Resources */ = {isa = PBXBuildFile; fileRef = 0750B0D11D68F6600081B1C4 /* arabic-sura-names */; };
		075909F21D631B8900A6B7B1 /* DataSource.m in Sources */ = {isa = PBXBuildFile; fileRef = 075909F11D631B8900A6B7B1 /* DataSource.m */; };
		076965A41C5B5D0700ED2D33 /* main.m in Sources */ = {isa = PBXBuildFile; fileRef = 076965A31C5B5D0700ED2D33 /* main.m */; };
		076965A71C5B5D0700ED2D33 /* AppDelegate.m in Sources */ = {isa = PBXBuildFile; fileRef = 076965A61C5B5D0700ED2D33 /* AppDelegate.m */; };
		076965AD1C5B5D0700ED2D33 /* Main.storyboard in Resources */ = {isa = PBXBuildFile; fileRef = 076965AB1C5B5D0700ED2D33 /* Main.storyboard */; };
		076965AF1C5B5D0700ED2D33 /* Assets.xcassets in Resources */ = {isa = PBXBuildFile; fileRef = 076965AE1C5B5D0700ED2D33 /* Assets.xcassets */; };
		076965B21C5B5D0700ED2D33 /* LaunchScreen.storyboard in Resources */ = {isa = PBXBuildFile; fileRef = 076965B01C5B5D0700ED2D33 /* LaunchScreen.storyboard */; };
		076965BD1C5B5D0700ED2D33 /* QuranGardensTests.m in Sources */ = {isa = PBXBuildFile; fileRef = 076965BC1C5B5D0700ED2D33 /* QuranGardensTests.m */; };
		076965C81C5B5D0800ED2D33 /* QuranGardensUITests.m in Sources */ = {isa = PBXBuildFile; fileRef = 076965C71C5B5D0800ED2D33 /* QuranGardensUITests.m */; };
		076965D81C5B60C600ED2D33 /* Sura.m in Sources */ = {isa = PBXBuildFile; fileRef = 076965D71C5B60C600ED2D33 /* Sura.m */; };
		076965DB1C5B628200ED2D33 /* SuraViewCell.m in Sources */ = {isa = PBXBuildFile; fileRef = 076965DA1C5B628200ED2D33 /* SuraViewCell.m */; };
		076965E01C5B630E00ED2D33 /* QuranGardensViewController.m in Sources */ = {isa = PBXBuildFile; fileRef = 076965DF1C5B630E00ED2D33 /* QuranGardensViewController.m */; };
		07D7D30D1D9E64FE00CF4FE4 /* safe.png in Resources */ = {isa = PBXBuildFile; fileRef = 07D7D30C1D9E64FE00CF4FE4 /* safe.png */; };
		07D7D30F1D9E885300CF4FE4 /* gold-star.png in Resources */ = {isa = PBXBuildFile; fileRef = 07D7D30E1D9E885300CF4FE4 /* gold-star.png */; };
		07FAC8EB1D66FA0000A18525 /* SettingsViewController.m in Sources */ = {isa = PBXBuildFile; fileRef = 07FAC8E91D66FA0000A18525 /* SettingsViewController.m */; };
		07FC8BF41C5D05C000695E0A /* PeriodicTaskManager.m in Sources */ = {isa = PBXBuildFile; fileRef = 07FC8BF31C5D05C000695E0A /* PeriodicTaskManager.m */; };
		07FC8BF71C5D05DC00695E0A /* PeriodicTask.m in Sources */ = {isa = PBXBuildFile; fileRef = 07FC8BF61C5D05DC00695E0A /* PeriodicTask.m */; };
		0A8DAB34FE051E524BD30303 /* Pods_QuranGardens.framework in Frameworks */ = {isa = PBXBuildFile; fileRef = 82855D8766F94B78534A777E /* Pods_QuranGardens.framework */; };
		C502D5501ED486C500A7267F /* UsersViewController.m in Sources */ = {isa = PBXBuildFile; fileRef = C502D54E1ED486C500A7267F /* UsersViewController.m */; };
		C502D5511ED486C500A7267F /* UsersViewController.xib in Resources */ = {isa = PBXBuildFile; fileRef = C502D54F1ED486C500A7267F /* UsersViewController.xib */; };
		C502D5541ED48D0B00A7267F /* User.m in Sources */ = {isa = PBXBuildFile; fileRef = C502D5531ED48D0B00A7267F /* User.m */; };
		C50658351EA5D26000330A9B /* FeedBackViewController.m in Sources */ = {isa = PBXBuildFile; fileRef = C50658331EA5D26000330A9B /* FeedBackViewController.m */; };
		C508370E1EBBB20000B54E94 /* rahman.mp3 in Resources */ = {isa = PBXBuildFile; fileRef = C508370D1EBBB20000B54E94 /* rahman.mp3 */; };
		C50E590F1EBC55080076C3D6 /* PiePolylineChartViewController.xib in Resources */ = {isa = PBXBuildFile; fileRef = C50E590C1EBC55080076C3D6 /* PiePolylineChartViewController.xib */; };
		C50E59131EBC553C0076C3D6 /* PiePolylineChartViewController.m in Sources */ = {isa = PBXBuildFile; fileRef = C50E59121EBC553C0076C3D6 /* PiePolylineChartViewController.m */; };
		C50E59171EBC55710076C3D6 /* PieChartViewController.m in Sources */ = {isa = PBXBuildFile; fileRef = C50E59151EBC55710076C3D6 /* PieChartViewController.m */; };
		C50E59181EBC55710076C3D6 /* PieChartViewController.xib in Resources */ = {isa = PBXBuildFile; fileRef = C50E59161EBC55710076C3D6 /* PieChartViewController.xib */; };
		C5147FCB1E61BB5500DE699E /* Reachability.m in Sources */ = {isa = PBXBuildFile; fileRef = C5147FCA1E61BB5500DE699E /* Reachability.m */; };
		C53533431EB14142005846C0 /* IntroViewController.m in Sources */ = {isa = PBXBuildFile; fileRef = C53533411EB14142005846C0 /* IntroViewController.m */; };
		C53533441EB14142005846C0 /* IntroViewController.xib in Resources */ = {isa = PBXBuildFile; fileRef = C53533421EB14142005846C0 /* IntroViewController.xib */; };
		C55B81D61ECEEB1E003A2523 /* PrayTime.m in Sources */ = {isa = PBXBuildFile; fileRef = C55B81D51ECEEB1E003A2523 /* PrayTime.m */; };
		C566F4581E21143200628A94 /* GoogleService-Info.plist in Resources */ = {isa = PBXBuildFile; fileRef = C566F4571E21143200628A94 /* GoogleService-Info.plist */; };
		C568B1761EAA02E200445642 /* Login.storyboard in Resources */ = {isa = PBXBuildFile; fileRef = C568B1781EAA02E200445642 /* Login.storyboard */; };
		C568B1791EAA02E900445642 /* SettingsViewController.xib in Resources */ = {isa = PBXBuildFile; fileRef = C568B17B1EAA02E900445642 /* SettingsViewController.xib */; };
		C568B17C1EAA02FD00445642 /* CubicLineChartViewController.xib in Resources */ = {isa = PBXBuildFile; fileRef = C568B17E1EAA02FD00445642 /* CubicLineChartViewController.xib */; };
		C568B17F1EAA030800445642 /* FeedBackViewController.xib in Resources */ = {isa = PBXBuildFile; fileRef = C568B1811EAA030800445642 /* FeedBackViewController.xib */; };
		C568B1821EAA032300445642 /* SuraViewCell.xib in Resources */ = {isa = PBXBuildFile; fileRef = C568B1841EAA032300445642 /* SuraViewCell.xib */; };
		C568B1851EAA032F00445642 /* LineChartTimeViewController.xib in Resources */ = {isa = PBXBuildFile; fileRef = C568B1871EAA032F00445642 /* LineChartTimeViewController.xib */; };
		C568B18A1EAA038100445642 /* Localizable.strings in Resources */ = {isa = PBXBuildFile; fileRef = C568B18C1EAA038100445642 /* Localizable.strings */; };
		C568B1981EAA27B800445642 /* NSString+Localization.m in Sources */ = {isa = PBXBuildFile; fileRef = C568B1971EAA27B800445642 /* NSString+Localization.m */; };
		C56B782C1EA23E4200252039 /* Podfile in Resources */ = {isa = PBXBuildFile; fileRef = C56B782B1EA23E4200252039 /* Podfile */; };
		C59A202F1E8116BD003C0F09 /* AMRTools.m in Sources */ = {isa = PBXBuildFile; fileRef = C59A202E1E8116BD003C0F09 /* AMRTools.m */; };
		C5A26AEB1EA24420009135D4 /* ChartsViewController.m in Sources */ = {isa = PBXBuildFile; fileRef = C5A26AE91EA24420009135D4 /* ChartsViewController.m */; };
		C5A26AEC1EA24420009135D4 /* ChartsViewController.xib in Resources */ = {isa = PBXBuildFile; fileRef = C5A26AEA1EA24420009135D4 /* ChartsViewController.xib */; };
		C5A26AF11EA24CFD009135D4 /* CubicLineChartViewController.m in Sources */ = {isa = PBXBuildFile; fileRef = C5A26AEF1EA24CFD009135D4 /* CubicLineChartViewController.m */; };
		C5A26AF51EA24D14009135D4 /* DemoBaseViewController.m in Sources */ = {isa = PBXBuildFile; fileRef = C5A26AF41EA24D14009135D4 /* DemoBaseViewController.m */; };
		C5A26AF91EA26F75009135D4 /* LineChartTimeViewController.m in Sources */ = {isa = PBXBuildFile; fileRef = C5A26AF71EA26F75009135D4 /* LineChartTimeViewController.m */; };
		C5A26B041EA27005009135D4 /* DayAxisValueFormatter.m in Sources */ = {isa = PBXBuildFile; fileRef = C5A26AFE1EA27005009135D4 /* DayAxisValueFormatter.m */; };
		C5A26B051EA27005009135D4 /* IntAxisValueFormatter.m in Sources */ = {isa = PBXBuildFile; fileRef = C5A26B001EA27005009135D4 /* IntAxisValueFormatter.m */; };
		C5A26B061EA27005009135D4 /* LargeValueFormatter.swift in Sources */ = {isa = PBXBuildFile; fileRef = C5A26B011EA27005009135D4 /* LargeValueFormatter.swift */; };
		C5A26B071EA27005009135D4 /* DateValueFormatter.m in Sources */ = {isa = PBXBuildFile; fileRef = C5A26B031EA27005009135D4 /* DateValueFormatter.m */; };
		C5CC35171E2143A70070D14F /* LoginViewController.m in Sources */ = {isa = PBXBuildFile; fileRef = C5CC35161E2143A70070D14F /* LoginViewController.m */; };
		C5F17C491E69BB6B00476CA3 /* UIViewController+Gestures.m in Sources */ = {isa = PBXBuildFile; fileRef = C5F17C481E69BB6B00476CA3 /* UIViewController+Gestures.m */; };
/* End PBXBuildFile section */

/* Begin PBXContainerItemProxy section */
		076965B91C5B5D0700ED2D33 /* PBXContainerItemProxy */ = {
			isa = PBXContainerItemProxy;
			containerPortal = 076965971C5B5D0700ED2D33 /* Project object */;
			proxyType = 1;
			remoteGlobalIDString = 0769659E1C5B5D0700ED2D33;
			remoteInfo = QuranGardens;
		};
		076965C41C5B5D0700ED2D33 /* PBXContainerItemProxy */ = {
			isa = PBXContainerItemProxy;
			containerPortal = 076965971C5B5D0700ED2D33 /* Project object */;
			proxyType = 1;
			remoteGlobalIDString = 0769659E1C5B5D0700ED2D33;
			remoteInfo = QuranGardens;
		};
/* End PBXContainerItemProxy section */

/* Begin PBXCopyFilesBuildPhase section */
		C57786CF1EA21C48002D8494 /* Embed Frameworks */ = {
			isa = PBXCopyFilesBuildPhase;
			buildActionMask = 2147483647;
			dstPath = "";
			dstSubfolderSpec = 10;
			files = (
			);
			name = "Embed Frameworks";
			runOnlyForDeploymentPostprocessing = 0;
		};
/* End PBXCopyFilesBuildPhase section */

/* Begin PBXFileReference section */
		071C17A91D673B5800019CDD /* Settings.h */ = {isa = PBXFileReference; fileEncoding = 4; lastKnownFileType = sourcecode.c.h; path = Settings.h; sourceTree = "<group>"; };
		071C17AA1D673B5800019CDD /* Settings.m */ = {isa = PBXFileReference; fileEncoding = 4; lastKnownFileType = sourcecode.c.objc; path = Settings.m; sourceTree = "<group>"; };
		071D38961C5FAFFE0063D80E /* AssetsLibrary.framework */ = {isa = PBXFileReference; lastKnownFileType = wrapper.framework; name = AssetsLibrary.framework; path = System/Library/Frameworks/AssetsLibrary.framework; sourceTree = SDKROOT; };
		071D38981C5FB00E0063D80E /* CoreText.framework */ = {isa = PBXFileReference; lastKnownFileType = wrapper.framework; name = CoreText.framework; path = System/Library/Frameworks/CoreText.framework; sourceTree = SDKROOT; };
		071D389A1C5FB01D0063D80E /* SystemConfiguration.framework */ = {isa = PBXFileReference; lastKnownFileType = wrapper.framework; name = SystemConfiguration.framework; path = System/Library/Frameworks/SystemConfiguration.framework; sourceTree = SDKROOT; };
		071D389C1C5FB0250063D80E /* CoreTelephony.framework */ = {isa = PBXFileReference; lastKnownFileType = wrapper.framework; name = CoreTelephony.framework; path = System/Library/Frameworks/CoreTelephony.framework; sourceTree = SDKROOT; };
		071D389E1C5FB0420063D80E /* BuddyBuildSDK.framework */ = {isa = PBXFileReference; lastKnownFileType = wrapper.framework; path = BuddyBuildSDK.framework; sourceTree = "<group>"; };
		0725940E1D74AEB0009E5F05 /* charcount.txt */ = {isa = PBXFileReference; lastKnownFileType = text; path = charcount.txt; sourceTree = "<group>"; };
		0725940F1D74AEB0009E5F05 /* reval.txt */ = {isa = PBXFileReference; lastKnownFileType = text; path = reval.txt; sourceTree = "<group>"; };
		072594101D74AEB0009E5F05 /* versecount.txt */ = {isa = PBXFileReference; lastKnownFileType = text; path = versecount.txt; sourceTree = "<group>"; };
		072594111D74AEB0009E5F05 /* wordcount.txt */ = {isa = PBXFileReference; lastKnownFileType = text; path = wordcount.txt; sourceTree = "<group>"; };
		073AA6F01DB89E0300370847 /* Statistics.h */ = {isa = PBXFileReference; fileEncoding = 4; lastKnownFileType = sourcecode.c.h; path = Statistics.h; sourceTree = "<group>"; };
		073AA6F11DB89E0300370847 /* Statistics.m */ = {isa = PBXFileReference; fileEncoding = 4; lastKnownFileType = sourcecode.c.objc; path = Statistics.m; sourceTree = "<group>"; };
		0750B0C91D68F51C0081B1C4 /* reval.txt */ = {isa = PBXFileReference; fileEncoding = 4; lastKnownFileType = text; path = reval.txt; sourceTree = "<group>"; };
		0750B0CB1D68F5FD0081B1C4 /* versecount.txt */ = {isa = PBXFileReference; fileEncoding = 4; lastKnownFileType = text; path = versecount.txt; sourceTree = "<group>"; };
		0750B0D11D68F6600081B1C4 /* arabic-sura-names */ = {isa = PBXFileReference; fileEncoding = 4; lastKnownFileType = text; path = "arabic-sura-names"; sourceTree = "<group>"; };
		075909F01D631B8900A6B7B1 /* DataSource.h */ = {isa = PBXFileReference; fileEncoding = 4; lastKnownFileType = sourcecode.c.h; path = DataSource.h; sourceTree = "<group>"; };
		075909F11D631B8900A6B7B1 /* DataSource.m */ = {isa = PBXFileReference; fileEncoding = 4; lastKnownFileType = sourcecode.c.objc; path = DataSource.m; sourceTree = "<group>"; };
		0769659F1C5B5D0700ED2D33 /* Quran Lights.app */ = {isa = PBXFileReference; explicitFileType = wrapper.application; includeInIndex = 0; path = "Quran Lights.app"; sourceTree = BUILT_PRODUCTS_DIR; };
		076965A31C5B5D0700ED2D33 /* main.m */ = {isa = PBXFileReference; lastKnownFileType = sourcecode.c.objc; path = main.m; sourceTree = "<group>"; };
		076965A51C5B5D0700ED2D33 /* AppDelegate.h */ = {isa = PBXFileReference; lastKnownFileType = sourcecode.c.h; path = AppDelegate.h; sourceTree = "<group>"; };
		076965A61C5B5D0700ED2D33 /* AppDelegate.m */ = {isa = PBXFileReference; lastKnownFileType = sourcecode.c.objc; path = AppDelegate.m; sourceTree = "<group>"; };
		076965AC1C5B5D0700ED2D33 /* Base */ = {isa = PBXFileReference; lastKnownFileType = file.storyboard; name = Base; path = Base.lproj/Main.storyboard; sourceTree = "<group>"; };
		076965AE1C5B5D0700ED2D33 /* Assets.xcassets */ = {isa = PBXFileReference; lastKnownFileType = folder.assetcatalog; path = Assets.xcassets; sourceTree = "<group>"; };
		076965B11C5B5D0700ED2D33 /* Base */ = {isa = PBXFileReference; lastKnownFileType = file.storyboard; name = Base; path = Base.lproj/LaunchScreen.storyboard; sourceTree = "<group>"; };
		076965B31C5B5D0700ED2D33 /* Info.plist */ = {isa = PBXFileReference; lastKnownFileType = text.plist.xml; path = Info.plist; sourceTree = "<group>"; };
		076965B81C5B5D0700ED2D33 /* QuranGardensTests.xctest */ = {isa = PBXFileReference; explicitFileType = wrapper.cfbundle; includeInIndex = 0; path = QuranGardensTests.xctest; sourceTree = BUILT_PRODUCTS_DIR; };
		076965BC1C5B5D0700ED2D33 /* QuranGardensTests.m */ = {isa = PBXFileReference; lastKnownFileType = sourcecode.c.objc; path = QuranGardensTests.m; sourceTree = "<group>"; };
		076965BE1C5B5D0700ED2D33 /* Info.plist */ = {isa = PBXFileReference; lastKnownFileType = text.plist.xml; path = Info.plist; sourceTree = "<group>"; };
		076965C31C5B5D0700ED2D33 /* QuranGardensUITests.xctest */ = {isa = PBXFileReference; explicitFileType = wrapper.cfbundle; includeInIndex = 0; path = QuranGardensUITests.xctest; sourceTree = BUILT_PRODUCTS_DIR; };
		076965C71C5B5D0800ED2D33 /* QuranGardensUITests.m */ = {isa = PBXFileReference; lastKnownFileType = sourcecode.c.objc; path = QuranGardensUITests.m; sourceTree = "<group>"; };
		076965C91C5B5D0800ED2D33 /* Info.plist */ = {isa = PBXFileReference; lastKnownFileType = text.plist.xml; path = Info.plist; sourceTree = "<group>"; };
		076965D61C5B60C600ED2D33 /* Sura.h */ = {isa = PBXFileReference; fileEncoding = 4; lastKnownFileType = sourcecode.c.h; path = Sura.h; sourceTree = "<group>"; };
		076965D71C5B60C600ED2D33 /* Sura.m */ = {isa = PBXFileReference; fileEncoding = 4; lastKnownFileType = sourcecode.c.objc; path = Sura.m; sourceTree = "<group>"; };
		076965D91C5B628200ED2D33 /* SuraViewCell.h */ = {isa = PBXFileReference; fileEncoding = 4; lastKnownFileType = sourcecode.c.h; path = SuraViewCell.h; sourceTree = "<group>"; };
		076965DA1C5B628200ED2D33 /* SuraViewCell.m */ = {isa = PBXFileReference; fileEncoding = 4; lastKnownFileType = sourcecode.c.objc; path = SuraViewCell.m; sourceTree = "<group>"; };
		076965DE1C5B630E00ED2D33 /* QuranGardensViewController.h */ = {isa = PBXFileReference; fileEncoding = 4; lastKnownFileType = sourcecode.c.h; path = QuranGardensViewController.h; sourceTree = "<group>"; };
		076965DF1C5B630E00ED2D33 /* QuranGardensViewController.m */ = {isa = PBXFileReference; fileEncoding = 4; lastKnownFileType = sourcecode.c.objc; path = QuranGardensViewController.m; sourceTree = "<group>"; };
		07D7D30C1D9E64FE00CF4FE4 /* safe.png */ = {isa = PBXFileReference; lastKnownFileType = image.png; path = safe.png; sourceTree = "<group>"; };
		07D7D30E1D9E885300CF4FE4 /* gold-star.png */ = {isa = PBXFileReference; lastKnownFileType = image.png; path = "gold-star.png"; sourceTree = "<group>"; };
		07FAC8E81D66FA0000A18525 /* SettingsViewController.h */ = {isa = PBXFileReference; fileEncoding = 4; lastKnownFileType = sourcecode.c.h; path = SettingsViewController.h; sourceTree = "<group>"; };
		07FAC8E91D66FA0000A18525 /* SettingsViewController.m */ = {isa = PBXFileReference; fileEncoding = 4; lastKnownFileType = sourcecode.c.objc; path = SettingsViewController.m; sourceTree = "<group>"; };
		07FC8BF21C5D05C000695E0A /* PeriodicTaskManager.h */ = {isa = PBXFileReference; fileEncoding = 4; lastKnownFileType = sourcecode.c.h; path = PeriodicTaskManager.h; sourceTree = "<group>"; };
		07FC8BF31C5D05C000695E0A /* PeriodicTaskManager.m */ = {isa = PBXFileReference; fileEncoding = 4; lastKnownFileType = sourcecode.c.objc; path = PeriodicTaskManager.m; sourceTree = "<group>"; };
		07FC8BF51C5D05DC00695E0A /* PeriodicTask.h */ = {isa = PBXFileReference; fileEncoding = 4; lastKnownFileType = sourcecode.c.h; path = PeriodicTask.h; sourceTree = "<group>"; };
		07FC8BF61C5D05DC00695E0A /* PeriodicTask.m */ = {isa = PBXFileReference; fileEncoding = 4; lastKnownFileType = sourcecode.c.objc; path = PeriodicTask.m; sourceTree = "<group>"; };
		82855D8766F94B78534A777E /* Pods_QuranGardens.framework */ = {isa = PBXFileReference; explicitFileType = wrapper.framework; includeInIndex = 0; path = Pods_QuranGardens.framework; sourceTree = BUILT_PRODUCTS_DIR; };
		AC5A8B9D69C915AD7FE135C0 /* Pods-QuranGardens.release.xcconfig */ = {isa = PBXFileReference; includeInIndex = 1; lastKnownFileType = text.xcconfig; name = "Pods-QuranGardens.release.xcconfig"; path = "Pods/Target Support Files/Pods-QuranGardens/Pods-QuranGardens.release.xcconfig"; sourceTree = "<group>"; };
		C502D54D1ED486C500A7267F /* UsersViewController.h */ = {isa = PBXFileReference; fileEncoding = 4; lastKnownFileType = sourcecode.c.h; path = UsersViewController.h; sourceTree = "<group>"; };
		C502D54E1ED486C500A7267F /* UsersViewController.m */ = {isa = PBXFileReference; fileEncoding = 4; lastKnownFileType = sourcecode.c.objc; path = UsersViewController.m; sourceTree = "<group>"; };
		C502D54F1ED486C500A7267F /* UsersViewController.xib */ = {isa = PBXFileReference; fileEncoding = 4; lastKnownFileType = file.xib; path = UsersViewController.xib; sourceTree = "<group>"; };
		C502D5521ED48D0B00A7267F /* User.h */ = {isa = PBXFileReference; fileEncoding = 4; lastKnownFileType = sourcecode.c.h; path = User.h; sourceTree = "<group>"; };
		C502D5531ED48D0B00A7267F /* User.m */ = {isa = PBXFileReference; fileEncoding = 4; lastKnownFileType = sourcecode.c.objc; path = User.m; sourceTree = "<group>"; };
		C50658321EA5D26000330A9B /* FeedBackViewController.h */ = {isa = PBXFileReference; fileEncoding = 4; lastKnownFileType = sourcecode.c.h; path = FeedBackViewController.h; sourceTree = "<group>"; };
		C50658331EA5D26000330A9B /* FeedBackViewController.m */ = {isa = PBXFileReference; fileEncoding = 4; lastKnownFileType = sourcecode.c.objc; path = FeedBackViewController.m; sourceTree = "<group>"; };
		C508370D1EBBB20000B54E94 /* rahman.mp3 */ = {isa = PBXFileReference; lastKnownFileType = audio.mp3; path = rahman.mp3; sourceTree = "<group>"; };
		C50E590C1EBC55080076C3D6 /* PiePolylineChartViewController.xib */ = {isa = PBXFileReference; fileEncoding = 4; lastKnownFileType = file.xib; path = PiePolylineChartViewController.xib; sourceTree = "<group>"; };
		C50E59111EBC553C0076C3D6 /* PiePolylineChartViewController.h */ = {isa = PBXFileReference; fileEncoding = 4; lastKnownFileType = sourcecode.c.h; path = PiePolylineChartViewController.h; sourceTree = "<group>"; };
		C50E59121EBC553C0076C3D6 /* PiePolylineChartViewController.m */ = {isa = PBXFileReference; fileEncoding = 4; lastKnownFileType = sourcecode.c.objc; path = PiePolylineChartViewController.m; sourceTree = "<group>"; };
		C50E59141EBC55710076C3D6 /* PieChartViewController.h */ = {isa = PBXFileReference; fileEncoding = 4; lastKnownFileType = sourcecode.c.h; path = PieChartViewController.h; sourceTree = "<group>"; };
		C50E59151EBC55710076C3D6 /* PieChartViewController.m */ = {isa = PBXFileReference; fileEncoding = 4; lastKnownFileType = sourcecode.c.objc; path = PieChartViewController.m; sourceTree = "<group>"; };
		C50E59161EBC55710076C3D6 /* PieChartViewController.xib */ = {isa = PBXFileReference; fileEncoding = 4; lastKnownFileType = file.xib; path = PieChartViewController.xib; sourceTree = "<group>"; };
		C5147FC91E61BB0300DE699E /* Reachability.h */ = {isa = PBXFileReference; lastKnownFileType = sourcecode.c.h; path = Reachability.h; sourceTree = "<group>"; };
		C5147FCA1E61BB5500DE699E /* Reachability.m */ = {isa = PBXFileReference; fileEncoding = 4; lastKnownFileType = sourcecode.c.objc; path = Reachability.m; sourceTree = "<group>"; };
		C53533401EB14142005846C0 /* IntroViewController.h */ = {isa = PBXFileReference; fileEncoding = 4; lastKnownFileType = sourcecode.c.h; path = IntroViewController.h; sourceTree = "<group>"; };
		C53533411EB14142005846C0 /* IntroViewController.m */ = {isa = PBXFileReference; fileEncoding = 4; lastKnownFileType = sourcecode.c.objc; path = IntroViewController.m; sourceTree = "<group>"; };
		C53533421EB14142005846C0 /* IntroViewController.xib */ = {isa = PBXFileReference; fileEncoding = 4; lastKnownFileType = file.xib; path = IntroViewController.xib; sourceTree = "<group>"; };
		C55B81D41ECEEB1E003A2523 /* PrayTime.h */ = {isa = PBXFileReference; fileEncoding = 4; lastKnownFileType = sourcecode.c.h; path = PrayTime.h; sourceTree = "<group>"; };
		C55B81D51ECEEB1E003A2523 /* PrayTime.m */ = {isa = PBXFileReference; fileEncoding = 4; lastKnownFileType = sourcecode.c.objc; path = PrayTime.m; sourceTree = "<group>"; };
		C566F4571E21143200628A94 /* GoogleService-Info.plist */ = {isa = PBXFileReference; fileEncoding = 4; lastKnownFileType = text.plist.xml; path = "GoogleService-Info.plist"; sourceTree = "<group>"; };
		C568B1771EAA02E200445642 /* Base */ = {isa = PBXFileReference; lastKnownFileType = file.storyboard; name = Base; path = Base.lproj/Login.storyboard; sourceTree = "<group>"; };
		C568B17A1EAA02E900445642 /* Base */ = {isa = PBXFileReference; lastKnownFileType = file.xib; name = Base; path = Base.lproj/SettingsViewController.xib; sourceTree = "<group>"; };
		C568B17D1EAA02FD00445642 /* Base */ = {isa = PBXFileReference; lastKnownFileType = file.xib; name = Base; path = Base.lproj/CubicLineChartViewController.xib; sourceTree = "<group>"; };
		C568B1801EAA030800445642 /* Base */ = {isa = PBXFileReference; lastKnownFileType = file.xib; name = Base; path = Base.lproj/FeedBackViewController.xib; sourceTree = "<group>"; };
		C568B1831EAA032300445642 /* Base */ = {isa = PBXFileReference; lastKnownFileType = file.xib; name = Base; path = Base.lproj/SuraViewCell.xib; sourceTree = "<group>"; };
		C568B1861EAA032F00445642 /* Base */ = {isa = PBXFileReference; lastKnownFileType = file.xib; name = Base; path = Base.lproj/LineChartTimeViewController.xib; sourceTree = "<group>"; };
		C568B18B1EAA038100445642 /* Base */ = {isa = PBXFileReference; lastKnownFileType = text.plist.strings; name = Base; path = Base.lproj/Localizable.strings; sourceTree = "<group>"; };
		C568B18D1EAA038E00445642 /* ar-SA */ = {isa = PBXFileReference; lastKnownFileType = text.plist.strings; name = "ar-SA"; path = "ar-SA.lproj/Localizable.strings"; sourceTree = "<group>"; };
		C568B18E1EAA038E00445642 /* ar-SA */ = {isa = PBXFileReference; lastKnownFileType = text.plist.strings; name = "ar-SA"; path = "ar-SA.lproj/Main.strings"; sourceTree = "<group>"; };
		C568B18F1EAA038E00445642 /* ar-SA */ = {isa = PBXFileReference; lastKnownFileType = text.plist.strings; name = "ar-SA"; path = "ar-SA.lproj/Login.strings"; sourceTree = "<group>"; };
		C568B1901EAA038E00445642 /* ar-SA */ = {isa = PBXFileReference; lastKnownFileType = text.plist.strings; name = "ar-SA"; path = "ar-SA.lproj/SettingsViewController.strings"; sourceTree = "<group>"; };
		C568B1911EAA038E00445642 /* ar-SA */ = {isa = PBXFileReference; lastKnownFileType = text.plist.strings; name = "ar-SA"; path = "ar-SA.lproj/CubicLineChartViewController.strings"; sourceTree = "<group>"; };
		C568B1921EAA038E00445642 /* ar-SA */ = {isa = PBXFileReference; lastKnownFileType = text.plist.strings; name = "ar-SA"; path = "ar-SA.lproj/LineChartTimeViewController.strings"; sourceTree = "<group>"; };
		C568B1931EAA038E00445642 /* ar-SA */ = {isa = PBXFileReference; lastKnownFileType = text.plist.strings; name = "ar-SA"; path = "ar-SA.lproj/FeedBackViewController.strings"; sourceTree = "<group>"; };
		C568B1941EAA038F00445642 /* ar-SA */ = {isa = PBXFileReference; lastKnownFileType = text.plist.strings; name = "ar-SA"; path = "ar-SA.lproj/SuraViewCell.strings"; sourceTree = "<group>"; };
		C568B1951EAA038F00445642 /* ar-SA */ = {isa = PBXFileReference; lastKnownFileType = text.plist.strings; name = "ar-SA"; path = "ar-SA.lproj/LaunchScreen.strings"; sourceTree = "<group>"; };
		C568B1961EAA27B800445642 /* NSString+Localization.h */ = {isa = PBXFileReference; fileEncoding = 4; lastKnownFileType = sourcecode.c.h; path = "NSString+Localization.h"; sourceTree = "<group>"; };
		C568B1971EAA27B800445642 /* NSString+Localization.m */ = {isa = PBXFileReference; fileEncoding = 4; lastKnownFileType = sourcecode.c.objc; path = "NSString+Localization.m"; sourceTree = "<group>"; };
		C56B782B1EA23E4200252039 /* Podfile */ = {isa = PBXFileReference; fileEncoding = 4; lastKnownFileType = text; path = Podfile; sourceTree = "<group>"; xcLanguageSpecificationIdentifier = xcode.lang.ruby; };
		C59A202D1E8116BD003C0F09 /* AMRTools.h */ = {isa = PBXFileReference; fileEncoding = 4; lastKnownFileType = sourcecode.c.h; path = AMRTools.h; sourceTree = "<group>"; };
		C59A202E1E8116BD003C0F09 /* AMRTools.m */ = {isa = PBXFileReference; fileEncoding = 4; lastKnownFileType = sourcecode.c.objc; path = AMRTools.m; sourceTree = "<group>"; };
		C5A26AE81EA24420009135D4 /* ChartsViewController.h */ = {isa = PBXFileReference; fileEncoding = 4; lastKnownFileType = sourcecode.c.h; path = ChartsViewController.h; sourceTree = "<group>"; };
		C5A26AE91EA24420009135D4 /* ChartsViewController.m */ = {isa = PBXFileReference; fileEncoding = 4; lastKnownFileType = sourcecode.c.objc; path = ChartsViewController.m; sourceTree = "<group>"; };
		C5A26AEA1EA24420009135D4 /* ChartsViewController.xib */ = {isa = PBXFileReference; fileEncoding = 4; lastKnownFileType = file.xib; path = ChartsViewController.xib; sourceTree = "<group>"; };
		C5A26AEE1EA24CFD009135D4 /* CubicLineChartViewController.h */ = {isa = PBXFileReference; fileEncoding = 4; lastKnownFileType = sourcecode.c.h; path = CubicLineChartViewController.h; sourceTree = "<group>"; };
		C5A26AEF1EA24CFD009135D4 /* CubicLineChartViewController.m */ = {isa = PBXFileReference; fileEncoding = 4; lastKnownFileType = sourcecode.c.objc; path = CubicLineChartViewController.m; sourceTree = "<group>"; };
		C5A26AF31EA24D14009135D4 /* DemoBaseViewController.h */ = {isa = PBXFileReference; fileEncoding = 4; lastKnownFileType = sourcecode.c.h; path = DemoBaseViewController.h; sourceTree = "<group>"; };
		C5A26AF41EA24D14009135D4 /* DemoBaseViewController.m */ = {isa = PBXFileReference; fileEncoding = 4; lastKnownFileType = sourcecode.c.objc; path = DemoBaseViewController.m; sourceTree = "<group>"; };
		C5A26AF61EA26F75009135D4 /* LineChartTimeViewController.h */ = {isa = PBXFileReference; fileEncoding = 4; lastKnownFileType = sourcecode.c.h; path = LineChartTimeViewController.h; sourceTree = "<group>"; };
		C5A26AF71EA26F75009135D4 /* LineChartTimeViewController.m */ = {isa = PBXFileReference; fileEncoding = 4; lastKnownFileType = sourcecode.c.objc; path = LineChartTimeViewController.m; sourceTree = "<group>"; };
		C5A26AFC1EA27005009135D4 /* QuranGardens-Bridging-Header.h */ = {isa = PBXFileReference; lastKnownFileType = sourcecode.c.h; path = "QuranGardens-Bridging-Header.h"; sourceTree = "<group>"; };
		C5A26AFD1EA27005009135D4 /* DayAxisValueFormatter.h */ = {isa = PBXFileReference; fileEncoding = 4; lastKnownFileType = sourcecode.c.h; path = DayAxisValueFormatter.h; sourceTree = "<group>"; };
		C5A26AFE1EA27005009135D4 /* DayAxisValueFormatter.m */ = {isa = PBXFileReference; fileEncoding = 4; lastKnownFileType = sourcecode.c.objc; path = DayAxisValueFormatter.m; sourceTree = "<group>"; };
		C5A26AFF1EA27005009135D4 /* IntAxisValueFormatter.h */ = {isa = PBXFileReference; fileEncoding = 4; lastKnownFileType = sourcecode.c.h; path = IntAxisValueFormatter.h; sourceTree = "<group>"; };
		C5A26B001EA27005009135D4 /* IntAxisValueFormatter.m */ = {isa = PBXFileReference; fileEncoding = 4; lastKnownFileType = sourcecode.c.objc; path = IntAxisValueFormatter.m; sourceTree = "<group>"; };
		C5A26B011EA27005009135D4 /* LargeValueFormatter.swift */ = {isa = PBXFileReference; fileEncoding = 4; lastKnownFileType = sourcecode.swift; path = LargeValueFormatter.swift; sourceTree = "<group>"; };
		C5A26B021EA27005009135D4 /* DateValueFormatter.h */ = {isa = PBXFileReference; fileEncoding = 4; lastKnownFileType = sourcecode.c.h; path = DateValueFormatter.h; sourceTree = "<group>"; };
		C5A26B031EA27005009135D4 /* DateValueFormatter.m */ = {isa = PBXFileReference; fileEncoding = 4; lastKnownFileType = sourcecode.c.objc; path = DateValueFormatter.m; sourceTree = "<group>"; };
		C5CC35151E2143A70070D14F /* LoginViewController.h */ = {isa = PBXFileReference; fileEncoding = 4; lastKnownFileType = sourcecode.c.h; path = LoginViewController.h; sourceTree = "<group>"; };
		C5CC35161E2143A70070D14F /* LoginViewController.m */ = {isa = PBXFileReference; fileEncoding = 4; lastKnownFileType = sourcecode.c.objc; path = LoginViewController.m; sourceTree = "<group>"; };
		C5F17C471E69BB6B00476CA3 /* UIViewController+Gestures.h */ = {isa = PBXFileReference; fileEncoding = 4; lastKnownFileType = sourcecode.c.h; path = "UIViewController+Gestures.h"; sourceTree = "<group>"; };
		C5F17C481E69BB6B00476CA3 /* UIViewController+Gestures.m */ = {isa = PBXFileReference; fileEncoding = 4; lastKnownFileType = sourcecode.c.objc; path = "UIViewController+Gestures.m"; sourceTree = "<group>"; };
		CC0FB87F801C545BFDDA00FB /* Pods-QuranGardens.debug.xcconfig */ = {isa = PBXFileReference; includeInIndex = 1; lastKnownFileType = text.xcconfig; name = "Pods-QuranGardens.debug.xcconfig"; path = "Pods/Target Support Files/Pods-QuranGardens/Pods-QuranGardens.debug.xcconfig"; sourceTree = "<group>"; };
/* End PBXFileReference section */

/* Begin PBXFrameworksBuildPhase section */
		0769659C1C5B5D0700ED2D33 /* Frameworks */ = {
			isa = PBXFrameworksBuildPhase;
			buildActionMask = 2147483647;
			files = (
				071D389F1C5FB0420063D80E /* BuddyBuildSDK.framework in Frameworks */,
				071D389D1C5FB0250063D80E /* CoreTelephony.framework in Frameworks */,
				071D389B1C5FB01D0063D80E /* SystemConfiguration.framework in Frameworks */,
				071D38991C5FB00E0063D80E /* CoreText.framework in Frameworks */,
				071D38971C5FAFFE0063D80E /* AssetsLibrary.framework in Frameworks */,
				0A8DAB34FE051E524BD30303 /* Pods_QuranGardens.framework in Frameworks */,
			);
			runOnlyForDeploymentPostprocessing = 0;
		};
		076965B51C5B5D0700ED2D33 /* Frameworks */ = {
			isa = PBXFrameworksBuildPhase;
			buildActionMask = 2147483647;
			files = (
			);
			runOnlyForDeploymentPostprocessing = 0;
		};
		076965C01C5B5D0700ED2D33 /* Frameworks */ = {
			isa = PBXFrameworksBuildPhase;
			buildActionMask = 2147483647;
			files = (
			);
			runOnlyForDeploymentPostprocessing = 0;
		};
/* End PBXFrameworksBuildPhase section */

/* Begin PBXGroup section */
		076965961C5B5D0700ED2D33 = {
			isa = PBXGroup;
			children = (
				C56B782B1EA23E4200252039 /* Podfile */,
				076965A11C5B5D0700ED2D33 /* QuranGardens */,
				076965BB1C5B5D0700ED2D33 /* QuranGardensTests */,
				076965C61C5B5D0800ED2D33 /* QuranGardensUITests */,
				076965A01C5B5D0700ED2D33 /* Products */,
				E5D1290A52CBC62F69226967 /* Frameworks */,
				1A31A46E988B24B386D3DD0C /* Pods */,
			);
			sourceTree = "<group>";
		};
		076965A01C5B5D0700ED2D33 /* Products */ = {
			isa = PBXGroup;
			children = (
				0769659F1C5B5D0700ED2D33 /* Quran Lights.app */,
				076965B81C5B5D0700ED2D33 /* QuranGardensTests.xctest */,
				076965C31C5B5D0700ED2D33 /* QuranGardensUITests.xctest */,
			);
			name = Products;
			sourceTree = "<group>";
		};
		076965A11C5B5D0700ED2D33 /* QuranGardens */ = {
			isa = PBXGroup;
			children = (
				C5FECDDC1EC2194E0081C89D /* resources */,
				C566F4571E21143200628A94 /* GoogleService-Info.plist */,
				076965A51C5B5D0700ED2D33 /* AppDelegate.h */,
				076965A61C5B5D0700ED2D33 /* AppDelegate.m */,
				076965AB1C5B5D0700ED2D33 /* Main.storyboard */,
				C568B1781EAA02E200445642 /* Login.storyboard */,
				C568B17B1EAA02E900445642 /* SettingsViewController.xib */,
				076965DD1C5B62AE00ED2D33 /* Controller */,
				C50E590B1EBC54A00076C3D6 /* charts */,
				C5A26AFB1EA26FD8009135D4 /* Formatters */,
				076965DC1C5B628F00ED2D33 /* View */,
				076965D51C5B609100ED2D33 /* Model */,
				076965B01C5B5D0700ED2D33 /* LaunchScreen.storyboard */,
				076965B31C5B5D0700ED2D33 /* Info.plist */,
				076965A21C5B5D0700ED2D33 /* Supporting Files */,
				0750B0C91D68F51C0081B1C4 /* reval.txt */,
				C5147FC91E61BB0300DE699E /* Reachability.h */,
				C5147FCA1E61BB5500DE699E /* Reachability.m */,
				C568B18C1EAA038100445642 /* Localizable.strings */,
				C53533401EB14142005846C0 /* IntroViewController.h */,
				C53533411EB14142005846C0 /* IntroViewController.m */,
				C53533421EB14142005846C0 /* IntroViewController.xib */,
			);
			path = QuranGardens;
			sourceTree = "<group>";
		};
		076965A21C5B5D0700ED2D33 /* Supporting Files */ = {
			isa = PBXGroup;
			children = (
				07D7D30E1D9E885300CF4FE4 /* gold-star.png */,
				07D7D30C1D9E64FE00CF4FE4 /* safe.png */,
				076965A31C5B5D0700ED2D33 /* main.m */,
				0750B0CB1D68F5FD0081B1C4 /* versecount.txt */,
				0750B0D11D68F6600081B1C4 /* arabic-sura-names */,
			);
			name = "Supporting Files";
			sourceTree = "<group>";
		};
		076965BB1C5B5D0700ED2D33 /* QuranGardensTests */ = {
			isa = PBXGroup;
			children = (
				076965BC1C5B5D0700ED2D33 /* QuranGardensTests.m */,
				076965BE1C5B5D0700ED2D33 /* Info.plist */,
			);
			path = QuranGardensTests;
			sourceTree = "<group>";
		};
		076965C61C5B5D0800ED2D33 /* QuranGardensUITests */ = {
			isa = PBXGroup;
			children = (
				076965C71C5B5D0800ED2D33 /* QuranGardensUITests.m */,
				076965C91C5B5D0800ED2D33 /* Info.plist */,
			);
			path = QuranGardensUITests;
			sourceTree = "<group>";
		};
		076965D51C5B609100ED2D33 /* Model */ = {
			isa = PBXGroup;
			children = (
				C55B81D41ECEEB1E003A2523 /* PrayTime.h */,
				C55B81D51ECEEB1E003A2523 /* PrayTime.m */,
				075909F01D631B8900A6B7B1 /* DataSource.h */,
				075909F11D631B8900A6B7B1 /* DataSource.m */,
				076965D61C5B60C600ED2D33 /* Sura.h */,
				076965D71C5B60C600ED2D33 /* Sura.m */,
				07FC8BF51C5D05DC00695E0A /* PeriodicTask.h */,
				07FC8BF61C5D05DC00695E0A /* PeriodicTask.m */,
				07FC8BF21C5D05C000695E0A /* PeriodicTaskManager.h */,
				07FC8BF31C5D05C000695E0A /* PeriodicTaskManager.m */,
				071C17A91D673B5800019CDD /* Settings.h */,
				071C17AA1D673B5800019CDD /* Settings.m */,
				073AA6F01DB89E0300370847 /* Statistics.h */,
				073AA6F11DB89E0300370847 /* Statistics.m */,
				C502D5521ED48D0B00A7267F /* User.h */,
				C502D5531ED48D0B00A7267F /* User.m */,
			);
			name = Model;
			sourceTree = "<group>";
		};
		076965DC1C5B628F00ED2D33 /* View */ = {
			isa = PBXGroup;
			children = (
				C51039EB1E791B320076A184 /* cell */,
			);
			name = View;
			sourceTree = "<group>";
		};
		076965DD1C5B62AE00ED2D33 /* Controller */ = {
			isa = PBXGroup;
			children = (
				076965DE1C5B630E00ED2D33 /* QuranGardensViewController.h */,
				076965DF1C5B630E00ED2D33 /* QuranGardensViewController.m */,
				07FAC8E81D66FA0000A18525 /* SettingsViewController.h */,
				07FAC8E91D66FA0000A18525 /* SettingsViewController.m */,
				C5CC35151E2143A70070D14F /* LoginViewController.h */,
				C5CC35161E2143A70070D14F /* LoginViewController.m */,
				C5F17C471E69BB6B00476CA3 /* UIViewController+Gestures.h */,
				C5F17C481E69BB6B00476CA3 /* UIViewController+Gestures.m */,
				C59A202D1E8116BD003C0F09 /* AMRTools.h */,
				C59A202E1E8116BD003C0F09 /* AMRTools.m */,
				C50658321EA5D26000330A9B /* FeedBackViewController.h */,
				C50658331EA5D26000330A9B /* FeedBackViewController.m */,
				C568B1811EAA030800445642 /* FeedBackViewController.xib */,
				C568B1961EAA27B800445642 /* NSString+Localization.h */,
				C568B1971EAA27B800445642 /* NSString+Localization.m */,
				C502D54D1ED486C500A7267F /* UsersViewController.h */,
				C502D54E1ED486C500A7267F /* UsersViewController.m */,
				C502D54F1ED486C500A7267F /* UsersViewController.xib */,
			);
			name = Controller;
			sourceTree = "<group>";
		};
		1A31A46E988B24B386D3DD0C /* Pods */ = {
			isa = PBXGroup;
			children = (
				CC0FB87F801C545BFDDA00FB /* Pods-QuranGardens.debug.xcconfig */,
				AC5A8B9D69C915AD7FE135C0 /* Pods-QuranGardens.release.xcconfig */,
			);
			name = Pods;
			sourceTree = "<group>";
		};
		C50E590B1EBC54A00076C3D6 /* charts */ = {
			isa = PBXGroup;
			children = (
				C5A26AEE1EA24CFD009135D4 /* CubicLineChartViewController.h */,
				C5A26AEF1EA24CFD009135D4 /* CubicLineChartViewController.m */,
				C568B17E1EAA02FD00445642 /* CubicLineChartViewController.xib */,
				C50E59111EBC553C0076C3D6 /* PiePolylineChartViewController.h */,
				C50E59121EBC553C0076C3D6 /* PiePolylineChartViewController.m */,
				C50E590C1EBC55080076C3D6 /* PiePolylineChartViewController.xib */,
				C50E59141EBC55710076C3D6 /* PieChartViewController.h */,
				C50E59151EBC55710076C3D6 /* PieChartViewController.m */,
				C50E59161EBC55710076C3D6 /* PieChartViewController.xib */,
				C5A26AE81EA24420009135D4 /* ChartsViewController.h */,
				C5A26AE91EA24420009135D4 /* ChartsViewController.m */,
				C5A26AEA1EA24420009135D4 /* ChartsViewController.xib */,
				C5A26AF31EA24D14009135D4 /* DemoBaseViewController.h */,
				C5A26AF41EA24D14009135D4 /* DemoBaseViewController.m */,
				C5A26AF61EA26F75009135D4 /* LineChartTimeViewController.h */,
				C5A26AF71EA26F75009135D4 /* LineChartTimeViewController.m */,
				C568B1871EAA032F00445642 /* LineChartTimeViewController.xib */,
			);
			name = charts;
			sourceTree = "<group>";
		};
		C51039EB1E791B320076A184 /* cell */ = {
			isa = PBXGroup;
			children = (
				C568B1841EAA032300445642 /* SuraViewCell.xib */,
				076965D91C5B628200ED2D33 /* SuraViewCell.h */,
				076965DA1C5B628200ED2D33 /* SuraViewCell.m */,
			);
			name = cell;
			sourceTree = "<group>";
		};
		C5A26AFB1EA26FD8009135D4 /* Formatters */ = {
			isa = PBXGroup;
			children = (
				C5A26AFD1EA27005009135D4 /* DayAxisValueFormatter.h */,
				C5A26AFE1EA27005009135D4 /* DayAxisValueFormatter.m */,
				C5A26AFF1EA27005009135D4 /* IntAxisValueFormatter.h */,
				C5A26B001EA27005009135D4 /* IntAxisValueFormatter.m */,
				C5A26B011EA27005009135D4 /* LargeValueFormatter.swift */,
				C5A26B021EA27005009135D4 /* DateValueFormatter.h */,
				C5A26B031EA27005009135D4 /* DateValueFormatter.m */,
				C5A26AFC1EA27005009135D4 /* QuranGardens-Bridging-Header.h */,
			);
			name = Formatters;
			sourceTree = "<group>";
		};
		C5FECDDC1EC2194E0081C89D /* resources */ = {
			isa = PBXGroup;
			children = (
				076965AE1C5B5D0700ED2D33 /* Assets.xcassets */,
				0725940E1D74AEB0009E5F05 /* charcount.txt */,
				0725940F1D74AEB0009E5F05 /* reval.txt */,
				072594101D74AEB0009E5F05 /* versecount.txt */,
				072594111D74AEB0009E5F05 /* wordcount.txt */,
				C508370D1EBBB20000B54E94 /* rahman.mp3 */,
			);
			name = resources;
			sourceTree = "<group>";
		};
		E5D1290A52CBC62F69226967 /* Frameworks */ = {
			isa = PBXGroup;
			children = (
				071D389E1C5FB0420063D80E /* BuddyBuildSDK.framework */,
				071D389C1C5FB0250063D80E /* CoreTelephony.framework */,
				071D389A1C5FB01D0063D80E /* SystemConfiguration.framework */,
				071D38981C5FB00E0063D80E /* CoreText.framework */,
				071D38961C5FAFFE0063D80E /* AssetsLibrary.framework */,
				82855D8766F94B78534A777E /* Pods_QuranGardens.framework */,
			);
			name = Frameworks;
			sourceTree = "<group>";
		};
/* End PBXGroup section */

/* Begin PBXNativeTarget section */
		0769659E1C5B5D0700ED2D33 /* QuranGardens */ = {
			isa = PBXNativeTarget;
			buildConfigurationList = 076965CC1C5B5D0800ED2D33 /* Build configuration list for PBXNativeTarget "QuranGardens" */;
			buildPhases = (
				94EC31F8EA0FE2BEAEBD3398 /* [CP] Check Pods Manifest.lock */,
				0769659B1C5B5D0700ED2D33 /* Sources */,
				0769659C1C5B5D0700ED2D33 /* Frameworks */,
				0769659D1C5B5D0700ED2D33 /* Resources */,
				2B4422EBA3D3BC3B1BD8F997 /* [CP] Embed Pods Frameworks */,
				4D905F10AED41217FC695C88 /* [CP] Copy Pods Resources */,
				C57786CF1EA21C48002D8494 /* Embed Frameworks */,
			);
			buildRules = (
			);
			dependencies = (
			);
			name = QuranGardens;
			productName = QuranGardens;
			productReference = 0769659F1C5B5D0700ED2D33 /* Quran Lights.app */;
			productType = "com.apple.product-type.application";
		};
		076965B71C5B5D0700ED2D33 /* QuranGardensTests */ = {
			isa = PBXNativeTarget;
			buildConfigurationList = 076965CF1C5B5D0800ED2D33 /* Build configuration list for PBXNativeTarget "QuranGardensTests" */;
			buildPhases = (
				076965B41C5B5D0700ED2D33 /* Sources */,
				076965B51C5B5D0700ED2D33 /* Frameworks */,
				076965B61C5B5D0700ED2D33 /* Resources */,
			);
			buildRules = (
			);
			dependencies = (
				076965BA1C5B5D0700ED2D33 /* PBXTargetDependency */,
			);
			name = QuranGardensTests;
			productName = QuranGardensTests;
			productReference = 076965B81C5B5D0700ED2D33 /* QuranGardensTests.xctest */;
			productType = "com.apple.product-type.bundle.unit-test";
		};
		076965C21C5B5D0700ED2D33 /* QuranGardensUITests */ = {
			isa = PBXNativeTarget;
			buildConfigurationList = 076965D21C5B5D0800ED2D33 /* Build configuration list for PBXNativeTarget "QuranGardensUITests" */;
			buildPhases = (
				076965BF1C5B5D0700ED2D33 /* Sources */,
				076965C01C5B5D0700ED2D33 /* Frameworks */,
				076965C11C5B5D0700ED2D33 /* Resources */,
			);
			buildRules = (
			);
			dependencies = (
				076965C51C5B5D0700ED2D33 /* PBXTargetDependency */,
			);
			name = QuranGardensUITests;
			productName = QuranGardensUITests;
			productReference = 076965C31C5B5D0700ED2D33 /* QuranGardensUITests.xctest */;
			productType = "com.apple.product-type.bundle.ui-testing";
		};
/* End PBXNativeTarget section */

/* Begin PBXProject section */
		076965971C5B5D0700ED2D33 /* Project object */ = {
			isa = PBXProject;
			attributes = {
				LastUpgradeCheck = 0800;
				ORGANIZATIONNAME = "Amr Lotfy";
				TargetAttributes = {
					0769659E1C5B5D0700ED2D33 = {
						CreatedOnToolsVersion = 7.1;
						DevelopmentTeam = Q4635HRLC8;
						LastSwiftMigration = 0820;
					};
					076965B71C5B5D0700ED2D33 = {
						CreatedOnToolsVersion = 7.1;
						TestTargetID = 0769659E1C5B5D0700ED2D33;
					};
					076965C21C5B5D0700ED2D33 = {
						CreatedOnToolsVersion = 7.1;
						TestTargetID = 0769659E1C5B5D0700ED2D33;
					};
				};
			};
			buildConfigurationList = 0769659A1C5B5D0700ED2D33 /* Build configuration list for PBXProject "QuranGardens" */;
			compatibilityVersion = "Xcode 3.2";
			developmentRegion = English;
			hasScannedForEncodings = 0;
			knownRegions = (
				en,
				Base,
				"ar-SA",
			);
			mainGroup = 076965961C5B5D0700ED2D33;
			productRefGroup = 076965A01C5B5D0700ED2D33 /* Products */;
			projectDirPath = "";
			projectRoot = "";
			targets = (
				0769659E1C5B5D0700ED2D33 /* QuranGardens */,
				076965B71C5B5D0700ED2D33 /* QuranGardensTests */,
				076965C21C5B5D0700ED2D33 /* QuranGardensUITests */,
			);
		};
/* End PBXProject section */

/* Begin PBXResourcesBuildPhase section */
		0769659D1C5B5D0700ED2D33 /* Resources */ = {
			isa = PBXResourcesBuildPhase;
			buildActionMask = 2147483647;
			files = (
				C502D5511ED486C500A7267F /* UsersViewController.xib in Resources */,
				C56B782C1EA23E4200252039 /* Podfile in Resources */,
				C566F4581E21143200628A94 /* GoogleService-Info.plist in Resources */,
				C50E59181EBC55710076C3D6 /* PieChartViewController.xib in Resources */,
				C568B1851EAA032F00445642 /* LineChartTimeViewController.xib in Resources */,
				076965B21C5B5D0700ED2D33 /* LaunchScreen.storyboard in Resources */,
				C568B1761EAA02E200445642 /* Login.storyboard in Resources */,
				C568B18A1EAA038100445642 /* Localizable.strings in Resources */,
				076965AF1C5B5D0700ED2D33 /* Assets.xcassets in Resources */,
				07D7D30D1D9E64FE00CF4FE4 /* safe.png in Resources */,
				076965AD1C5B5D0700ED2D33 /* Main.storyboard in Resources */,
				072594121D74AEB0009E5F05 /* charcount.txt in Resources */,
				C568B17C1EAA02FD00445642 /* CubicLineChartViewController.xib in Resources */,
				C53533441EB14142005846C0 /* IntroViewController.xib in Resources */,
				07D7D30F1D9E885300CF4FE4 /* gold-star.png in Resources */,
				C508370E1EBBB20000B54E94 /* rahman.mp3 in Resources */,
				0750B0CA1D68F51C0081B1C4 /* reval.txt in Resources */,
				0750B0CC1D68F5FD0081B1C4 /* versecount.txt in Resources */,
				072594131D74AEB0009E5F05 /* wordcount.txt in Resources */,
				C568B1821EAA032300445642 /* SuraViewCell.xib in Resources */,
				C50E590F1EBC55080076C3D6 /* PiePolylineChartViewController.xib in Resources */,
				C5A26AEC1EA24420009135D4 /* ChartsViewController.xib in Resources */,
				C568B17F1EAA030800445642 /* FeedBackViewController.xib in Resources */,
				0750B0D21D68F6600081B1C4 /* arabic-sura-names in Resources */,
				C568B1791EAA02E900445642 /* SettingsViewController.xib in Resources */,
			);
			runOnlyForDeploymentPostprocessing = 0;
		};
		076965B61C5B5D0700ED2D33 /* Resources */ = {
			isa = PBXResourcesBuildPhase;
			buildActionMask = 2147483647;
			files = (
			);
			runOnlyForDeploymentPostprocessing = 0;
		};
		076965C11C5B5D0700ED2D33 /* Resources */ = {
			isa = PBXResourcesBuildPhase;
			buildActionMask = 2147483647;
			files = (
			);
			runOnlyForDeploymentPostprocessing = 0;
		};
/* End PBXResourcesBuildPhase section */

/* Begin PBXShellScriptBuildPhase section */
		2B4422EBA3D3BC3B1BD8F997 /* [CP] Embed Pods Frameworks */ = {
			isa = PBXShellScriptBuildPhase;
			buildActionMask = 2147483647;
			files = (
			);
			inputPaths = (
			);
			name = "[CP] Embed Pods Frameworks";
			outputPaths = (
			);
			runOnlyForDeploymentPostprocessing = 0;
			shellPath = /bin/sh;
			shellScript = "\"${SRCROOT}/Pods/Target Support Files/Pods-QuranGardens/Pods-QuranGardens-frameworks.sh\"\n";
			showEnvVarsInLog = 0;
		};
		4D905F10AED41217FC695C88 /* [CP] Copy Pods Resources */ = {
			isa = PBXShellScriptBuildPhase;
			buildActionMask = 2147483647;
			files = (
			);
			inputPaths = (
			);
			name = "[CP] Copy Pods Resources";
			outputPaths = (
			);
			runOnlyForDeploymentPostprocessing = 0;
			shellPath = /bin/sh;
			shellScript = "\"${SRCROOT}/Pods/Target Support Files/Pods-QuranGardens/Pods-QuranGardens-resources.sh\"\n";
			showEnvVarsInLog = 0;
		};
		94EC31F8EA0FE2BEAEBD3398 /* [CP] Check Pods Manifest.lock */ = {
			isa = PBXShellScriptBuildPhase;
			buildActionMask = 2147483647;
			files = (
			);
			inputPaths = (
			);
			name = "[CP] Check Pods Manifest.lock";
			outputPaths = (
			);
			runOnlyForDeploymentPostprocessing = 0;
			shellPath = /bin/sh;
			shellScript = "diff \"${PODS_ROOT}/../Podfile.lock\" \"${PODS_ROOT}/Manifest.lock\" > /dev/null\nif [ $? != 0 ] ; then\n    # print error to STDERR\n    echo \"error: The sandbox is not in sync with the Podfile.lock. Run 'pod install' or update your CocoaPods installation.\" >&2\n    exit 1\nfi\n";
			showEnvVarsInLog = 0;
		};
/* End PBXShellScriptBuildPhase section */

/* Begin PBXSourcesBuildPhase section */
		0769659B1C5B5D0700ED2D33 /* Sources */ = {
			isa = PBXSourcesBuildPhase;
			buildActionMask = 2147483647;
			files = (
				C5A26B061EA27005009135D4 /* LargeValueFormatter.swift in Sources */,
				C55B81D61ECEEB1E003A2523 /* PrayTime.m in Sources */,
				C5F17C491E69BB6B00476CA3 /* UIViewController+Gestures.m in Sources */,
				C5147FCB1E61BB5500DE699E /* Reachability.m in Sources */,
				073AA6F21DB89E0300370847 /* Statistics.m in Sources */,
				076965DB1C5B628200ED2D33 /* SuraViewCell.m in Sources */,
				075909F21D631B8900A6B7B1 /* DataSource.m in Sources */,
				C50E59171EBC55710076C3D6 /* PieChartViewController.m in Sources */,
				C5A26AEB1EA24420009135D4 /* ChartsViewController.m in Sources */,
				C5A26AF51EA24D14009135D4 /* DemoBaseViewController.m in Sources */,
				071C17AB1D673B5800019CDD /* Settings.m in Sources */,
				C502D5541ED48D0B00A7267F /* User.m in Sources */,
				C53533431EB14142005846C0 /* IntroViewController.m in Sources */,
				07FC8BF41C5D05C000695E0A /* PeriodicTaskManager.m in Sources */,
				C59A202F1E8116BD003C0F09 /* AMRTools.m in Sources */,
				07FAC8EB1D66FA0000A18525 /* SettingsViewController.m in Sources */,
				076965E01C5B630E00ED2D33 /* QuranGardensViewController.m in Sources */,
				076965D81C5B60C600ED2D33 /* Sura.m in Sources */,
				C5CC35171E2143A70070D14F /* LoginViewController.m in Sources */,
				C50658351EA5D26000330A9B /* FeedBackViewController.m in Sources */,
				C5A26B041EA27005009135D4 /* DayAxisValueFormatter.m in Sources */,
				C568B1981EAA27B800445642 /* NSString+Localization.m in Sources */,
				C502D5501ED486C500A7267F /* UsersViewController.m in Sources */,
				C5A26B071EA27005009135D4 /* DateValueFormatter.m in Sources */,
				C50E59131EBC553C0076C3D6 /* PiePolylineChartViewController.m in Sources */,
				C5A26AF11EA24CFD009135D4 /* CubicLineChartViewController.m in Sources */,
				07FC8BF71C5D05DC00695E0A /* PeriodicTask.m in Sources */,
				076965A71C5B5D0700ED2D33 /* AppDelegate.m in Sources */,
				076965A41C5B5D0700ED2D33 /* main.m in Sources */,
				C5A26B051EA27005009135D4 /* IntAxisValueFormatter.m in Sources */,
				C5A26AF91EA26F75009135D4 /* LineChartTimeViewController.m in Sources */,
			);
			runOnlyForDeploymentPostprocessing = 0;
		};
		076965B41C5B5D0700ED2D33 /* Sources */ = {
			isa = PBXSourcesBuildPhase;
			buildActionMask = 2147483647;
			files = (
				076965BD1C5B5D0700ED2D33 /* QuranGardensTests.m in Sources */,
			);
			runOnlyForDeploymentPostprocessing = 0;
		};
		076965BF1C5B5D0700ED2D33 /* Sources */ = {
			isa = PBXSourcesBuildPhase;
			buildActionMask = 2147483647;
			files = (
				076965C81C5B5D0800ED2D33 /* QuranGardensUITests.m in Sources */,
			);
			runOnlyForDeploymentPostprocessing = 0;
		};
/* End PBXSourcesBuildPhase section */

/* Begin PBXTargetDependency section */
		076965BA1C5B5D0700ED2D33 /* PBXTargetDependency */ = {
			isa = PBXTargetDependency;
			target = 0769659E1C5B5D0700ED2D33 /* QuranGardens */;
			targetProxy = 076965B91C5B5D0700ED2D33 /* PBXContainerItemProxy */;
		};
		076965C51C5B5D0700ED2D33 /* PBXTargetDependency */ = {
			isa = PBXTargetDependency;
			target = 0769659E1C5B5D0700ED2D33 /* QuranGardens */;
			targetProxy = 076965C41C5B5D0700ED2D33 /* PBXContainerItemProxy */;
		};
/* End PBXTargetDependency section */

/* Begin PBXVariantGroup section */
		076965AB1C5B5D0700ED2D33 /* Main.storyboard */ = {
			isa = PBXVariantGroup;
			children = (
				076965AC1C5B5D0700ED2D33 /* Base */,
				C568B18E1EAA038E00445642 /* ar-SA */,
			);
			name = Main.storyboard;
			sourceTree = "<group>";
		};
		076965B01C5B5D0700ED2D33 /* LaunchScreen.storyboard */ = {
			isa = PBXVariantGroup;
			children = (
				076965B11C5B5D0700ED2D33 /* Base */,
				C568B1951EAA038F00445642 /* ar-SA */,
			);
			name = LaunchScreen.storyboard;
			sourceTree = "<group>";
		};
		C568B1781EAA02E200445642 /* Login.storyboard */ = {
			isa = PBXVariantGroup;
			children = (
				C568B1771EAA02E200445642 /* Base */,
				C568B18F1EAA038E00445642 /* ar-SA */,
			);
			name = Login.storyboard;
			sourceTree = "<group>";
		};
		C568B17B1EAA02E900445642 /* SettingsViewController.xib */ = {
			isa = PBXVariantGroup;
			children = (
				C568B17A1EAA02E900445642 /* Base */,
				C568B1901EAA038E00445642 /* ar-SA */,
			);
			name = SettingsViewController.xib;
			sourceTree = "<group>";
		};
		C568B17E1EAA02FD00445642 /* CubicLineChartViewController.xib */ = {
			isa = PBXVariantGroup;
			children = (
				C568B17D1EAA02FD00445642 /* Base */,
				C568B1911EAA038E00445642 /* ar-SA */,
			);
			name = CubicLineChartViewController.xib;
			sourceTree = "<group>";
		};
		C568B1811EAA030800445642 /* FeedBackViewController.xib */ = {
			isa = PBXVariantGroup;
			children = (
				C568B1801EAA030800445642 /* Base */,
				C568B1931EAA038E00445642 /* ar-SA */,
			);
			name = FeedBackViewController.xib;
			sourceTree = "<group>";
		};
		C568B1841EAA032300445642 /* SuraViewCell.xib */ = {
			isa = PBXVariantGroup;
			children = (
				C568B1831EAA032300445642 /* Base */,
				C568B1941EAA038F00445642 /* ar-SA */,
			);
			name = SuraViewCell.xib;
			sourceTree = "<group>";
		};
		C568B1871EAA032F00445642 /* LineChartTimeViewController.xib */ = {
			isa = PBXVariantGroup;
			children = (
				C568B1861EAA032F00445642 /* Base */,
				C568B1921EAA038E00445642 /* ar-SA */,
			);
			name = LineChartTimeViewController.xib;
			sourceTree = "<group>";
		};
		C568B18C1EAA038100445642 /* Localizable.strings */ = {
			isa = PBXVariantGroup;
			children = (
				C568B18B1EAA038100445642 /* Base */,
				C568B18D1EAA038E00445642 /* ar-SA */,
			);
			name = Localizable.strings;
			sourceTree = "<group>";
		};
/* End PBXVariantGroup section */

/* Begin XCBuildConfiguration section */
		076965CA1C5B5D0800ED2D33 /* Debug */ = {
			isa = XCBuildConfiguration;
			buildSettings = {
				ALWAYS_SEARCH_USER_PATHS = NO;
				CLANG_ANALYZER_LOCALIZABILITY_NONLOCALIZED = YES;
				CLANG_CXX_LANGUAGE_STANDARD = "gnu++0x";
				CLANG_CXX_LIBRARY = "libc++";
				CLANG_ENABLE_MODULES = YES;
				CLANG_ENABLE_OBJC_ARC = YES;
				CLANG_WARN_BOOL_CONVERSION = YES;
				CLANG_WARN_CONSTANT_CONVERSION = YES;
				CLANG_WARN_DIRECT_OBJC_ISA_USAGE = YES_ERROR;
				CLANG_WARN_EMPTY_BODY = YES;
				CLANG_WARN_ENUM_CONVERSION = YES;
				CLANG_WARN_INFINITE_RECURSION = YES;
				CLANG_WARN_INT_CONVERSION = YES;
				CLANG_WARN_OBJC_ROOT_CLASS = YES_ERROR;
				CLANG_WARN_SUSPICIOUS_MOVE = YES;
				CLANG_WARN_UNREACHABLE_CODE = YES;
				CLANG_WARN__DUPLICATE_METHOD_MATCH = YES;
				"CODE_SIGN_IDENTITY[sdk=iphoneos*]" = "iPhone Developer";
				COPY_PHASE_STRIP = NO;
				DEBUG_INFORMATION_FORMAT = dwarf;
				ENABLE_STRICT_OBJC_MSGSEND = YES;
				ENABLE_TESTABILITY = YES;
				GCC_C_LANGUAGE_STANDARD = gnu99;
				GCC_DYNAMIC_NO_PIC = NO;
				GCC_NO_COMMON_BLOCKS = YES;
				GCC_OPTIMIZATION_LEVEL = 0;
				GCC_PREPROCESSOR_DEFINITIONS = (
					"DEBUG=1",
					"$(inherited)",
				);
				GCC_WARN_64_TO_32_BIT_CONVERSION = YES;
				GCC_WARN_ABOUT_RETURN_TYPE = YES_ERROR;
				GCC_WARN_UNDECLARED_SELECTOR = YES;
				GCC_WARN_UNINITIALIZED_AUTOS = YES_AGGRESSIVE;
				GCC_WARN_UNUSED_FUNCTION = YES;
				GCC_WARN_UNUSED_VARIABLE = YES;
				IPHONEOS_DEPLOYMENT_TARGET = 9.1;
				MTL_ENABLE_DEBUG_INFO = YES;
				ONLY_ACTIVE_ARCH = YES;
				SDKROOT = iphoneos;
				TARGETED_DEVICE_FAMILY = "1,2";
			};
			name = Debug;
		};
		076965CB1C5B5D0800ED2D33 /* Release */ = {
			isa = XCBuildConfiguration;
			buildSettings = {
				ALWAYS_SEARCH_USER_PATHS = NO;
				CLANG_ANALYZER_LOCALIZABILITY_NONLOCALIZED = YES;
				CLANG_CXX_LANGUAGE_STANDARD = "gnu++0x";
				CLANG_CXX_LIBRARY = "libc++";
				CLANG_ENABLE_MODULES = YES;
				CLANG_ENABLE_OBJC_ARC = YES;
				CLANG_WARN_BOOL_CONVERSION = YES;
				CLANG_WARN_CONSTANT_CONVERSION = YES;
				CLANG_WARN_DIRECT_OBJC_ISA_USAGE = YES_ERROR;
				CLANG_WARN_EMPTY_BODY = YES;
				CLANG_WARN_ENUM_CONVERSION = YES;
				CLANG_WARN_INFINITE_RECURSION = YES;
				CLANG_WARN_INT_CONVERSION = YES;
				CLANG_WARN_OBJC_ROOT_CLASS = YES_ERROR;
				CLANG_WARN_SUSPICIOUS_MOVE = YES;
				CLANG_WARN_UNREACHABLE_CODE = YES;
				CLANG_WARN__DUPLICATE_METHOD_MATCH = YES;
				"CODE_SIGN_IDENTITY[sdk=iphoneos*]" = "iPhone Developer";
				COPY_PHASE_STRIP = NO;
				DEBUG_INFORMATION_FORMAT = "dwarf-with-dsym";
				ENABLE_NS_ASSERTIONS = NO;
				ENABLE_STRICT_OBJC_MSGSEND = YES;
				GCC_C_LANGUAGE_STANDARD = gnu99;
				GCC_NO_COMMON_BLOCKS = YES;
				GCC_WARN_64_TO_32_BIT_CONVERSION = YES;
				GCC_WARN_ABOUT_RETURN_TYPE = YES_ERROR;
				GCC_WARN_UNDECLARED_SELECTOR = YES;
				GCC_WARN_UNINITIALIZED_AUTOS = YES_AGGRESSIVE;
				GCC_WARN_UNUSED_FUNCTION = YES;
				GCC_WARN_UNUSED_VARIABLE = YES;
				IPHONEOS_DEPLOYMENT_TARGET = 9.1;
				MTL_ENABLE_DEBUG_INFO = NO;
				SDKROOT = iphoneos;
				TARGETED_DEVICE_FAMILY = "1,2";
				VALIDATE_PRODUCT = YES;
			};
			name = Release;
		};
		076965CD1C5B5D0800ED2D33 /* Debug */ = {
			isa = XCBuildConfiguration;
			baseConfigurationReference = CC0FB87F801C545BFDDA00FB /* Pods-QuranGardens.debug.xcconfig */;
			buildSettings = {
				ALWAYS_EMBED_SWIFT_STANDARD_LIBRARIES = YES;
				ASSETCATALOG_COMPILER_APPICON_NAME = AppIcon;
				CLANG_ENABLE_MODULES = YES;
				CODE_SIGN_IDENTITY = "iPhone Developer";
				"CODE_SIGN_IDENTITY[sdk=iphoneos*]" = "iPhone Developer";
				DEVELOPMENT_TEAM = Q4635HRLC8;
				FRAMEWORK_SEARCH_PATHS = (
					"$(inherited)",
					"$(PROJECT_DIR)",
				);
				INFOPLIST_FILE = QuranGardens/Info.plist;
				IPHONEOS_DEPLOYMENT_TARGET = 9.0;
				LD_RUNPATH_SEARCH_PATHS = "$(inherited) @executable_path/Frameworks";
				PRODUCT_BUNDLE_IDENTIFIER = com.greenlights.quranlightspro;
				PRODUCT_NAME = "Quran Lights";
				PROVISIONING_PROFILE = "";
				SWIFT_OBJC_BRIDGING_HEADER = "QuranGardens/QuranGardens-Bridging-Header.h";
				SWIFT_OPTIMIZATION_LEVEL = "-Onone";
				SWIFT_VERSION = 3.0;
				TARGETED_DEVICE_FAMILY = "1,2";
			};
			name = Debug;
		};
		076965CE1C5B5D0800ED2D33 /* Release */ = {
			isa = XCBuildConfiguration;
			baseConfigurationReference = AC5A8B9D69C915AD7FE135C0 /* Pods-QuranGardens.release.xcconfig */;
			buildSettings = {
				ALWAYS_EMBED_SWIFT_STANDARD_LIBRARIES = YES;
				ASSETCATALOG_COMPILER_APPICON_NAME = AppIcon;
				CLANG_ENABLE_MODULES = YES;
				CODE_SIGN_IDENTITY = "iPhone Developer";
				"CODE_SIGN_IDENTITY[sdk=iphoneos*]" = "iPhone Developer";
				DEVELOPMENT_TEAM = Q4635HRLC8;
				FRAMEWORK_SEARCH_PATHS = (
					"$(inherited)",
					"$(PROJECT_DIR)",
				);
				INFOPLIST_FILE = QuranGardens/Info.plist;
				IPHONEOS_DEPLOYMENT_TARGET = 9.0;
				LD_RUNPATH_SEARCH_PATHS = "$(inherited) @executable_path/Frameworks";
				PRODUCT_BUNDLE_IDENTIFIER = com.greenlights.quranlightspro;
				PRODUCT_NAME = "Quran Lights";
				PROVISIONING_PROFILE = "";
				SWIFT_OBJC_BRIDGING_HEADER = "QuranGardens/QuranGardens-Bridging-Header.h";
				SWIFT_VERSION = 3.0;
				TARGETED_DEVICE_FAMILY = "1,2";
			};
			name = Release;
		};
		076965D01C5B5D0800ED2D33 /* Debug */ = {
			isa = XCBuildConfiguration;
			buildSettings = {
				ALWAYS_EMBED_SWIFT_STANDARD_LIBRARIES = YES;
				BUNDLE_LOADER = "$(TEST_HOST)";
				INFOPLIST_FILE = QuranGardensTests/Info.plist;
				LD_RUNPATH_SEARCH_PATHS = "$(inherited) @executable_path/Frameworks @loader_path/Frameworks";
				PRODUCT_BUNDLE_IDENTIFIER = com.evaluation.QuranGardensTests;
				PRODUCT_NAME = "$(TARGET_NAME)";
				TEST_HOST = "$(BUILT_PRODUCTS_DIR)/QuranGardens.app/QuranGardens";
			};
			name = Debug;
		};
		076965D11C5B5D0800ED2D33 /* Release */ = {
			isa = XCBuildConfiguration;
			buildSettings = {
				ALWAYS_EMBED_SWIFT_STANDARD_LIBRARIES = YES;
				BUNDLE_LOADER = "$(TEST_HOST)";
				INFOPLIST_FILE = QuranGardensTests/Info.plist;
				LD_RUNPATH_SEARCH_PATHS = "$(inherited) @executable_path/Frameworks @loader_path/Frameworks";
				PRODUCT_BUNDLE_IDENTIFIER = com.evaluation.QuranGardensTests;
				PRODUCT_NAME = "$(TARGET_NAME)";
				TEST_HOST = "$(BUILT_PRODUCTS_DIR)/QuranGardens.app/QuranGardens";
			};
			name = Release;
		};
		076965D31C5B5D0800ED2D33 /* Debug */ = {
			isa = XCBuildConfiguration;
			buildSettings = {
				ALWAYS_EMBED_SWIFT_STANDARD_LIBRARIES = YES;
				INFOPLIST_FILE = QuranGardensUITests/Info.plist;
				LD_RUNPATH_SEARCH_PATHS = "$(inherited) @executable_path/Frameworks @loader_path/Frameworks";
				PRODUCT_BUNDLE_IDENTIFIER = com.evaluation.QuranGardensUITests;
				PRODUCT_NAME = "$(TARGET_NAME)";
				TEST_TARGET_NAME = QuranGardens;
				USES_XCTRUNNER = YES;
			};
			name = Debug;
		};
		076965D41C5B5D0800ED2D33 /* Release */ = {
			isa = XCBuildConfiguration;
			buildSettings = {
				ALWAYS_EMBED_SWIFT_STANDARD_LIBRARIES = YES;
				INFOPLIST_FILE = QuranGardensUITests/Info.plist;
				LD_RUNPATH_SEARCH_PATHS = "$(inherited) @executable_path/Frameworks @loader_path/Frameworks";
				PRODUCT_BUNDLE_IDENTIFIER = com.evaluation.QuranGardensUITests;
				PRODUCT_NAME = "$(TARGET_NAME)";
				TEST_TARGET_NAME = QuranGardens;
				USES_XCTRUNNER = YES;
			};
			name = Release;
		};
/* End XCBuildConfiguration section */

/* Begin XCConfigurationList section */
		0769659A1C5B5D0700ED2D33 /* Build configuration list for PBXProject "QuranGardens" */ = {
			isa = XCConfigurationList;
			buildConfigurations = (
				076965CA1C5B5D0800ED2D33 /* Debug */,
				076965CB1C5B5D0800ED2D33 /* Release */,
			);
			defaultConfigurationIsVisible = 0;
			defaultConfigurationName = Release;
		};
		076965CC1C5B5D0800ED2D33 /* Build configuration list for PBXNativeTarget "QuranGardens" */ = {
			isa = XCConfigurationList;
			buildConfigurations = (
				076965CD1C5B5D0800ED2D33 /* Debug */,
				076965CE1C5B5D0800ED2D33 /* Release */,
			);
			defaultConfigurationIsVisible = 0;
			defaultConfigurationName = Release;
		};
		076965CF1C5B5D0800ED2D33 /* Build configuration list for PBXNativeTarget "QuranGardensTests" */ = {
			isa = XCConfigurationList;
			buildConfigurations = (
				076965D01C5B5D0800ED2D33 /* Debug */,
				076965D11C5B5D0800ED2D33 /* Release */,
			);
			defaultConfigurationIsVisible = 0;
			defaultConfigurationName = Release;
		};
		076965D21C5B5D0800ED2D33 /* Build configuration list for PBXNativeTarget "QuranGardensUITests" */ = {
			isa = XCConfigurationList;
			buildConfigurations = (
				076965D31C5B5D0800ED2D33 /* Debug */,
				076965D41C5B5D0800ED2D33 /* Release */,
			);
			defaultConfigurationIsVisible = 0;
			defaultConfigurationName = Release;
		};
/* End XCConfigurationList section */
	};
	rootObject = 076965971C5B5D0700ED2D33 /* Project object */;
}
